// !$*UTF8*$!
{
	archiveVersion = 1;
	classes = {
	};
	objectVersion = 56;
	objects = {

/* Begin PBXBuildFile section */
		8016D0A62B20A36600BD8846 /* View+Layer.swift in Sources */ = {isa = PBXBuildFile; fileRef = 8016D0A52B20A36600BD8846 /* View+Layer.swift */; };
		8016D0A92B20A47200BD8846 /* UIButton+Styles.swift in Sources */ = {isa = PBXBuildFile; fileRef = 8016D0A82B20A47200BD8846 /* UIButton+Styles.swift */; };
		803F04A72B231FDF00A8637F /* LineTextField.swift in Sources */ = {isa = PBXBuildFile; fileRef = 803F04A62B231FDF00A8637F /* LineTextField.swift */; };
		803F04AC2B23398700A8637F /* Localizable.strings in Resources */ = {isa = PBXBuildFile; fileRef = 803F04AE2B23398700A8637F /* Localizable.strings */; };
		803F04B12B233B1400A8637F /* String+Localizable.swift in Sources */ = {isa = PBXBuildFile; fileRef = 803F04B02B233B1400A8637F /* String+Localizable.swift */; };
		803F04B32B2349F000A8637F /* UIButton+Actions.swift in Sources */ = {isa = PBXBuildFile; fileRef = 803F04B22B2349F000A8637F /* UIButton+Actions.swift */; };
		CE2BFAFE2AE042EE0024FFCE /* AppDelegate.swift in Sources */ = {isa = PBXBuildFile; fileRef = CE2BFAFD2AE042EE0024FFCE /* AppDelegate.swift */; };
		CE2BFB002AE042EE0024FFCE /* SceneDelegate.swift in Sources */ = {isa = PBXBuildFile; fileRef = CE2BFAFF2AE042EE0024FFCE /* SceneDelegate.swift */; };
		CE2BFB072AE042F00024FFCE /* Assets.xcassets in Resources */ = {isa = PBXBuildFile; fileRef = CE2BFB062AE042F00024FFCE /* Assets.xcassets */; };
		CE2BFB0A2AE042F00024FFCE /* LaunchScreen.storyboard in Resources */ = {isa = PBXBuildFile; fileRef = CE2BFB082AE042F00024FFCE /* LaunchScreen.storyboard */; };
		CE9005CF2B1F219800B3EED9 /* LoginVC.swift in Sources */ = {isa = PBXBuildFile; fileRef = CE9005CE2B1F219800B3EED9 /* LoginVC.swift */; };
		CEE7D5722AEADB23009769C4 /* UIColor + Consts.swift in Sources */ = {isa = PBXBuildFile; fileRef = CEE7D5712AEADB23009769C4 /* UIColor + Consts.swift */; };
		CEE7D5742AEADD72009769C4 /* UIFont + Consts.swift in Sources */ = {isa = PBXBuildFile; fileRef = CEE7D5732AEADD72009769C4 /* UIFont + Consts.swift */; };
		CEE7D5762AEADEDC009769C4 /* UIImage + Consts.swift in Sources */ = {isa = PBXBuildFile; fileRef = CEE7D5752AEADEDC009769C4 /* UIImage + Consts.swift */; };
		FE8651E1B1DD4841AD7316F9 /* Pods_NoteMeProject.framework in Frameworks */ = {isa = PBXBuildFile; fileRef = 7BC929DA1518B54FDD95C0A5 /* Pods_NoteMeProject.framework */; };
/* End PBXBuildFile section */

/* Begin PBXFileReference section */
		3F7DCDBE72AB6E988AE4C48C /* Pods-NoteMeProject.debug.xcconfig */ = {isa = PBXFileReference; includeInIndex = 1; lastKnownFileType = text.xcconfig; name = "Pods-NoteMeProject.debug.xcconfig"; path = "Target Support Files/Pods-NoteMeProject/Pods-NoteMeProject.debug.xcconfig"; sourceTree = "<group>"; };
		749FA97F1AA65CA09B0DDEA3 /* Pods-NoteMeProject.release.xcconfig */ = {isa = PBXFileReference; includeInIndex = 1; lastKnownFileType = text.xcconfig; name = "Pods-NoteMeProject.release.xcconfig"; path = "Target Support Files/Pods-NoteMeProject/Pods-NoteMeProject.release.xcconfig"; sourceTree = "<group>"; };
		7BC929DA1518B54FDD95C0A5 /* Pods_NoteMeProject.framework */ = {isa = PBXFileReference; explicitFileType = wrapper.framework; includeInIndex = 0; path = Pods_NoteMeProject.framework; sourceTree = BUILT_PRODUCTS_DIR; };
		8016D0A52B20A36600BD8846 /* View+Layer.swift */ = {isa = PBXFileReference; lastKnownFileType = sourcecode.swift; path = "View+Layer.swift"; sourceTree = "<group>"; };
		8016D0A82B20A47200BD8846 /* UIButton+Styles.swift */ = {isa = PBXFileReference; lastKnownFileType = sourcecode.swift; path = "UIButton+Styles.swift"; sourceTree = "<group>"; };
		803F04A62B231FDF00A8637F /* LineTextField.swift */ = {isa = PBXFileReference; lastKnownFileType = sourcecode.swift; path = LineTextField.swift; sourceTree = "<group>"; };
		803F04AD2B23398700A8637F /* en */ = {isa = PBXFileReference; lastKnownFileType = text.plist.strings; name = en; path = en.lproj/Localizable.strings; sourceTree = "<group>"; };
		803F04AF2B23399600A8637F /* ru */ = {isa = PBXFileReference; lastKnownFileType = text.plist.strings; name = ru; path = ru.lproj/Localizable.strings; sourceTree = "<group>"; };
		803F04B02B233B1400A8637F /* String+Localizable.swift */ = {isa = PBXFileReference; lastKnownFileType = sourcecode.swift; path = "String+Localizable.swift"; sourceTree = "<group>"; };
		803F04B22B2349F000A8637F /* UIButton+Actions.swift */ = {isa = PBXFileReference; lastKnownFileType = sourcecode.swift; path = "UIButton+Actions.swift"; sourceTree = "<group>"; };
		CE2BFAFA2AE042EE0024FFCE /* NoteMeProject.app */ = {isa = PBXFileReference; explicitFileType = wrapper.application; includeInIndex = 0; path = NoteMeProject.app; sourceTree = BUILT_PRODUCTS_DIR; };
		CE2BFAFD2AE042EE0024FFCE /* AppDelegate.swift */ = {isa = PBXFileReference; lastKnownFileType = sourcecode.swift; path = AppDelegate.swift; sourceTree = "<group>"; };
		CE2BFAFF2AE042EE0024FFCE /* SceneDelegate.swift */ = {isa = PBXFileReference; lastKnownFileType = sourcecode.swift; path = SceneDelegate.swift; sourceTree = "<group>"; };
		CE2BFB062AE042F00024FFCE /* Assets.xcassets */ = {isa = PBXFileReference; lastKnownFileType = folder.assetcatalog; path = Assets.xcassets; sourceTree = "<group>"; };
		CE2BFB092AE042F00024FFCE /* Base */ = {isa = PBXFileReference; lastKnownFileType = file.storyboard; name = Base; path = Base.lproj/LaunchScreen.storyboard; sourceTree = "<group>"; };
		CE2BFB0B2AE042F00024FFCE /* Info.plist */ = {isa = PBXFileReference; lastKnownFileType = text.plist.xml; path = Info.plist; sourceTree = "<group>"; };
		CE9005CE2B1F219800B3EED9 /* LoginVC.swift */ = {isa = PBXFileReference; lastKnownFileType = sourcecode.swift; path = LoginVC.swift; sourceTree = "<group>"; };
		CEE7D5712AEADB23009769C4 /* UIColor + Consts.swift */ = {isa = PBXFileReference; lastKnownFileType = sourcecode.swift; path = "UIColor + Consts.swift"; sourceTree = "<group>"; };
		CEE7D5732AEADD72009769C4 /* UIFont + Consts.swift */ = {isa = PBXFileReference; lastKnownFileType = sourcecode.swift; path = "UIFont + Consts.swift"; sourceTree = "<group>"; };
		CEE7D5752AEADEDC009769C4 /* UIImage + Consts.swift */ = {isa = PBXFileReference; lastKnownFileType = sourcecode.swift; path = "UIImage + Consts.swift"; sourceTree = "<group>"; };
/* End PBXFileReference section */

/* Begin PBXFrameworksBuildPhase section */
		CE2BFAF72AE042EE0024FFCE /* Frameworks */ = {
			isa = PBXFrameworksBuildPhase;
			buildActionMask = 2147483647;
			files = (
				FE8651E1B1DD4841AD7316F9 /* Pods_NoteMeProject.framework in Frameworks */,
			);
			runOnlyForDeploymentPostprocessing = 0;
		};
/* End PBXFrameworksBuildPhase section */

/* Begin PBXGroup section */
		0BAB54BA969F0D492026E984 /* Frameworks */ = {
			isa = PBXGroup;
			children = (
				7BC929DA1518B54FDD95C0A5 /* Pods_NoteMeProject.framework */,
			);
			name = Frameworks;
			sourceTree = "<group>";
		};
		19C05933AB8FA1F74719DA7B /* Pods */ = {
			isa = PBXGroup;
			children = (
				3F7DCDBE72AB6E988AE4C48C /* Pods-NoteMeProject.debug.xcconfig */,
				749FA97F1AA65CA09B0DDEA3 /* Pods-NoteMeProject.release.xcconfig */,
			);
			path = Pods;
			sourceTree = "<group>";
		};
		8016D0A42B20A2DC00BD8846 /* Utils */ = {
			isa = PBXGroup;
			children = (
				8016D0A52B20A36600BD8846 /* View+Layer.swift */,
				803F04B22B2349F000A8637F /* UIButton+Actions.swift */,
				803F04B02B233B1400A8637F /* String+Localizable.swift */,
			);
			path = Utils;
			sourceTree = "<group>";
		};
		8016D0A72B20A41D00BD8846 /* Styles */ = {
			isa = PBXGroup;
			children = (
				8016D0A82B20A47200BD8846 /* UIButton+Styles.swift */,
			);
			path = Styles;
			sourceTree = "<group>";
		};
		803F04A52B231FB100A8637F /* Custom */ = {
			isa = PBXGroup;
			children = (
				803F04A62B231FDF00A8637F /* LineTextField.swift */,
			);
			path = Custom;
			sourceTree = "<group>";
		};
		CE2BFAF12AE042EE0024FFCE = {
			isa = PBXGroup;
			children = (
				CE2BFAFC2AE042EE0024FFCE /* NoteMeProject */,
				CE2BFAFB2AE042EE0024FFCE /* Products */,
				19C05933AB8FA1F74719DA7B /* Pods */,
				0BAB54BA969F0D492026E984 /* Frameworks */,
			);
			sourceTree = "<group>";
		};
		CE2BFAFB2AE042EE0024FFCE /* Products */ = {
			isa = PBXGroup;
			children = (
				CE2BFAFA2AE042EE0024FFCE /* NoteMeProject.app */,
			);
			name = Products;
			sourceTree = "<group>";
		};
		CE2BFAFC2AE042EE0024FFCE /* NoteMeProject */ = {
			isa = PBXGroup;
			children = (
				CEE7D56D2AEADA15009769C4 /* App */,
				803F04A52B231FB100A8637F /* Custom */,
				CE2BFB0B2AE042F00024FFCE /* Info.plist */,
				CE9005CB2B1F20FE00B3EED9 /* Modules */,
				CEE7D56E2AEADA27009769C4 /* Resource */,
				8016D0A72B20A41D00BD8846 /* Styles */,
				8016D0A42B20A2DC00BD8846 /* Utils */,
			);
			path = NoteMeProject;
			sourceTree = "<group>";
		};
		CE9005CB2B1F20FE00B3EED9 /* Modules */ = {
			isa = PBXGroup;
			children = (
				CE9005CC2B1F215800B3EED9 /* Auth */,
			);
			path = Modules;
			sourceTree = "<group>";
		};
		CE9005CC2B1F215800B3EED9 /* Auth */ = {
			isa = PBXGroup;
			children = (
				CE9005CD2B1F216100B3EED9 /* Login */,
			);
			path = Auth;
			sourceTree = "<group>";
		};
		CE9005CD2B1F216100B3EED9 /* Login */ = {
			isa = PBXGroup;
			children = (
				CE9005CE2B1F219800B3EED9 /* LoginVC.swift */,
			);
			path = Login;
			sourceTree = "<group>";
		};
		CEE7D56D2AEADA15009769C4 /* App */ = {
			isa = PBXGroup;
			children = (
				CE2BFAFD2AE042EE0024FFCE /* AppDelegate.swift */,
				CE2BFAFF2AE042EE0024FFCE /* SceneDelegate.swift */,
			);
			path = App;
			sourceTree = "<group>";
		};
		CEE7D56E2AEADA27009769C4 /* Resource */ = {
			isa = PBXGroup;
			children = (
				CEE7D5702AEADB03009769C4 /* Consts */,
				CE2BFB082AE042F00024FFCE /* LaunchScreen.storyboard */,
				CE2BFB062AE042F00024FFCE /* Assets.xcassets */,
				803F04AE2B23398700A8637F /* Localizable.strings */,
			);
			path = Resource;
			sourceTree = "<group>";
		};
		CEE7D5702AEADB03009769C4 /* Consts */ = {
			isa = PBXGroup;
			children = (
				CEE7D5712AEADB23009769C4 /* UIColor + Consts.swift */,
				CEE7D5732AEADD72009769C4 /* UIFont + Consts.swift */,
				CEE7D5752AEADEDC009769C4 /* UIImage + Consts.swift */,
			);
			path = Consts;
			sourceTree = "<group>";
		};
/* End PBXGroup section */

/* Begin PBXNativeTarget section */
		CE2BFAF92AE042EE0024FFCE /* NoteMeProject */ = {
			isa = PBXNativeTarget;
			buildConfigurationList = CE2BFB0E2AE042F00024FFCE /* Build configuration list for PBXNativeTarget "NoteMeProject" */;
			buildPhases = (
				BB9F15E2C57CC8B4D6184DA1 /* [CP] Check Pods Manifest.lock */,
				CE2BFAF62AE042EE0024FFCE /* Sources */,
				CE2BFAF72AE042EE0024FFCE /* Frameworks */,
				CE2BFAF82AE042EE0024FFCE /* Resources */,
				351FAB482D9CDAC95F772737 /* [CP] Embed Pods Frameworks */,
			);
			buildRules = (
			);
			dependencies = (
			);
			name = NoteMeProject;
			productName = NoteMeProject;
			productReference = CE2BFAFA2AE042EE0024FFCE /* NoteMeProject.app */;
			productType = "com.apple.product-type.application";
		};
/* End PBXNativeTarget section */

/* Begin PBXProject section */
		CE2BFAF22AE042EE0024FFCE /* Project object */ = {
			isa = PBXProject;
			attributes = {
				BuildIndependentTargetsInParallel = 1;
				LastSwiftUpdateCheck = 1420;
				LastUpgradeCheck = 1420;
				TargetAttributes = {
					CE2BFAF92AE042EE0024FFCE = {
						CreatedOnToolsVersion = 14.2;
					};
				};
			};
			buildConfigurationList = CE2BFAF52AE042EE0024FFCE /* Build configuration list for PBXProject "NoteMeProject" */;
			compatibilityVersion = "Xcode 14.0";
			developmentRegion = en;
			hasScannedForEncodings = 0;
			knownRegions = (
				en,
				Base,
				ru,
			);
			mainGroup = CE2BFAF12AE042EE0024FFCE;
			productRefGroup = CE2BFAFB2AE042EE0024FFCE /* Products */;
			projectDirPath = "";
			projectRoot = "";
			targets = (
				CE2BFAF92AE042EE0024FFCE /* NoteMeProject */,
			);
		};
/* End PBXProject section */

/* Begin PBXResourcesBuildPhase section */
		CE2BFAF82AE042EE0024FFCE /* Resources */ = {
			isa = PBXResourcesBuildPhase;
			buildActionMask = 2147483647;
			files = (
				CE2BFB0A2AE042F00024FFCE /* LaunchScreen.storyboard in Resources */,
				803F04AC2B23398700A8637F /* Localizable.strings in Resources */,
				CE2BFB072AE042F00024FFCE /* Assets.xcassets in Resources */,
			);
			runOnlyForDeploymentPostprocessing = 0;
		};
/* End PBXResourcesBuildPhase section */

/* Begin PBXShellScriptBuildPhase section */
		351FAB482D9CDAC95F772737 /* [CP] Embed Pods Frameworks */ = {
			isa = PBXShellScriptBuildPhase;
			buildActionMask = 2147483647;
			files = (
			);
			inputFileListPaths = (
				"${PODS_ROOT}/Target Support Files/Pods-NoteMeProject/Pods-NoteMeProject-frameworks-${CONFIGURATION}-input-files.xcfilelist",
			);
			name = "[CP] Embed Pods Frameworks";
			outputFileListPaths = (
				"${PODS_ROOT}/Target Support Files/Pods-NoteMeProject/Pods-NoteMeProject-frameworks-${CONFIGURATION}-output-files.xcfilelist",
			);
			runOnlyForDeploymentPostprocessing = 0;
			shellPath = /bin/sh;
			shellScript = "\"${PODS_ROOT}/Target Support Files/Pods-NoteMeProject/Pods-NoteMeProject-frameworks.sh\"\n";
			showEnvVarsInLog = 0;
		};
		BB9F15E2C57CC8B4D6184DA1 /* [CP] Check Pods Manifest.lock */ = {
			isa = PBXShellScriptBuildPhase;
			buildActionMask = 2147483647;
			files = (
			);
			inputFileListPaths = (
			);
			inputPaths = (
				"${PODS_PODFILE_DIR_PATH}/Podfile.lock",
				"${PODS_ROOT}/Manifest.lock",
			);
			name = "[CP] Check Pods Manifest.lock";
			outputFileListPaths = (
			);
			outputPaths = (
				"$(DERIVED_FILE_DIR)/Pods-NoteMeProject-checkManifestLockResult.txt",
			);
			runOnlyForDeploymentPostprocessing = 0;
			shellPath = /bin/sh;
			shellScript = "diff \"${PODS_PODFILE_DIR_PATH}/Podfile.lock\" \"${PODS_ROOT}/Manifest.lock\" > /dev/null\nif [ $? != 0 ] ; then\n    # print error to STDERR\n    echo \"error: The sandbox is not in sync with the Podfile.lock. Run 'pod install' or update your CocoaPods installation.\" >&2\n    exit 1\nfi\n# This output is used by Xcode 'outputs' to avoid re-running this script phase.\necho \"SUCCESS\" > \"${SCRIPT_OUTPUT_FILE_0}\"\n";
			showEnvVarsInLog = 0;
		};
/* End PBXShellScriptBuildPhase section */

/* Begin PBXSourcesBuildPhase section */
		CE2BFAF62AE042EE0024FFCE /* Sources */ = {
			isa = PBXSourcesBuildPhase;
			buildActionMask = 2147483647;
			files = (
				CE2BFAFE2AE042EE0024FFCE /* AppDelegate.swift in Sources */,
				803F04B12B233B1400A8637F /* String+Localizable.swift in Sources */,
				803F04B32B2349F000A8637F /* UIButton+Actions.swift in Sources */,
				803F04A72B231FDF00A8637F /* LineTextField.swift in Sources */,
				8016D0A92B20A47200BD8846 /* UIButton+Styles.swift in Sources */,
				8016D0A62B20A36600BD8846 /* View+Layer.swift in Sources */,
				CEE7D5722AEADB23009769C4 /* UIColor + Consts.swift in Sources */,
				CE9005CF2B1F219800B3EED9 /* LoginVC.swift in Sources */,
				CEE7D5762AEADEDC009769C4 /* UIImage + Consts.swift in Sources */,
				CEE7D5742AEADD72009769C4 /* UIFont + Consts.swift in Sources */,
				CE2BFB002AE042EE0024FFCE /* SceneDelegate.swift in Sources */,
			);
			runOnlyForDeploymentPostprocessing = 0;
		};
/* End PBXSourcesBuildPhase section */

/* Begin PBXVariantGroup section */
		803F04AE2B23398700A8637F /* Localizable.strings */ = {
			isa = PBXVariantGroup;
			children = (
				803F04AD2B23398700A8637F /* en */,
				803F04AF2B23399600A8637F /* ru */,
			);
			name = Localizable.strings;
			sourceTree = "<group>";
		};
		CE2BFB082AE042F00024FFCE /* LaunchScreen.storyboard */ = {
			isa = PBXVariantGroup;
			children = (
				CE2BFB092AE042F00024FFCE /* Base */,
			);
			name = LaunchScreen.storyboard;
			sourceTree = "<group>";
		};
/* End PBXVariantGroup section */

/* Begin XCBuildConfiguration section */
		CE2BFB0C2AE042F00024FFCE /* Debug */ = {
			isa = XCBuildConfiguration;
			buildSettings = {
				ALWAYS_SEARCH_USER_PATHS = NO;
				CLANG_ANALYZER_LOCALIZABILITY_NONLOCALIZED = YES;
				CLANG_ANALYZER_NONNULL = YES;
				CLANG_ANALYZER_NUMBER_OBJECT_CONVERSION = YES_AGGRESSIVE;
				CLANG_CXX_LANGUAGE_STANDARD = "gnu++20";
				CLANG_ENABLE_MODULES = YES;
				CLANG_ENABLE_OBJC_ARC = YES;
				CLANG_ENABLE_OBJC_WEAK = YES;
				CLANG_WARN_BLOCK_CAPTURE_AUTORELEASING = YES;
				CLANG_WARN_BOOL_CONVERSION = YES;
				CLANG_WARN_COMMA = YES;
				CLANG_WARN_CONSTANT_CONVERSION = YES;
				CLANG_WARN_DEPRECATED_OBJC_IMPLEMENTATIONS = YES;
				CLANG_WARN_DIRECT_OBJC_ISA_USAGE = YES_ERROR;
				CLANG_WARN_DOCUMENTATION_COMMENTS = YES;
				CLANG_WARN_EMPTY_BODY = YES;
				CLANG_WARN_ENUM_CONVERSION = YES;
				CLANG_WARN_INFINITE_RECURSION = YES;
				CLANG_WARN_INT_CONVERSION = YES;
				CLANG_WARN_NON_LITERAL_NULL_CONVERSION = YES;
				CLANG_WARN_OBJC_IMPLICIT_RETAIN_SELF = YES;
				CLANG_WARN_OBJC_LITERAL_CONVERSION = YES;
				CLANG_WARN_OBJC_ROOT_CLASS = YES_ERROR;
				CLANG_WARN_QUOTED_INCLUDE_IN_FRAMEWORK_HEADER = YES;
				CLANG_WARN_RANGE_LOOP_ANALYSIS = YES;
				CLANG_WARN_STRICT_PROTOTYPES = YES;
				CLANG_WARN_SUSPICIOUS_MOVE = YES;
				CLANG_WARN_UNGUARDED_AVAILABILITY = YES_AGGRESSIVE;
				CLANG_WARN_UNREACHABLE_CODE = YES;
				CLANG_WARN__DUPLICATE_METHOD_MATCH = YES;
				COPY_PHASE_STRIP = NO;
				DEBUG_INFORMATION_FORMAT = dwarf;
				ENABLE_STRICT_OBJC_MSGSEND = YES;
				ENABLE_TESTABILITY = YES;
				GCC_C_LANGUAGE_STANDARD = gnu11;
				GCC_DYNAMIC_NO_PIC = NO;
				GCC_NO_COMMON_BLOCKS = YES;
				GCC_OPTIMIZATION_LEVEL = 0;
				GCC_PREPROCESSOR_DEFINITIONS = (
					"DEBUG=1",
					"$(inherited)",
				);
				GCC_WARN_64_TO_32_BIT_CONVERSION = YES;
				GCC_WARN_ABOUT_RETURN_TYPE = YES_ERROR;
				GCC_WARN_UNDECLARED_SELECTOR = YES;
				GCC_WARN_UNINITIALIZED_AUTOS = YES_AGGRESSIVE;
				GCC_WARN_UNUSED_FUNCTION = YES;
				GCC_WARN_UNUSED_VARIABLE = YES;
				IPHONEOS_DEPLOYMENT_TARGET = 16.2;
				MTL_ENABLE_DEBUG_INFO = INCLUDE_SOURCE;
				MTL_FAST_MATH = YES;
				ONLY_ACTIVE_ARCH = YES;
				SDKROOT = iphoneos;
				SWIFT_ACTIVE_COMPILATION_CONDITIONS = DEBUG;
				SWIFT_OPTIMIZATION_LEVEL = "-Onone";
			};
			name = Debug;
		};
		CE2BFB0D2AE042F00024FFCE /* Release */ = {
			isa = XCBuildConfiguration;
			buildSettings = {
				ALWAYS_SEARCH_USER_PATHS = NO;
				CLANG_ANALYZER_LOCALIZABILITY_NONLOCALIZED = YES;
				CLANG_ANALYZER_NONNULL = YES;
				CLANG_ANALYZER_NUMBER_OBJECT_CONVERSION = YES_AGGRESSIVE;
				CLANG_CXX_LANGUAGE_STANDARD = "gnu++20";
				CLANG_ENABLE_MODULES = YES;
				CLANG_ENABLE_OBJC_ARC = YES;
				CLANG_ENABLE_OBJC_WEAK = YES;
				CLANG_WARN_BLOCK_CAPTURE_AUTORELEASING = YES;
				CLANG_WARN_BOOL_CONVERSION = YES;
				CLANG_WARN_COMMA = YES;
				CLANG_WARN_CONSTANT_CONVERSION = YES;
				CLANG_WARN_DEPRECATED_OBJC_IMPLEMENTATIONS = YES;
				CLANG_WARN_DIRECT_OBJC_ISA_USAGE = YES_ERROR;
				CLANG_WARN_DOCUMENTATION_COMMENTS = YES;
				CLANG_WARN_EMPTY_BODY = YES;
				CLANG_WARN_ENUM_CONVERSION = YES;
				CLANG_WARN_INFINITE_RECURSION = YES;
				CLANG_WARN_INT_CONVERSION = YES;
				CLANG_WARN_NON_LITERAL_NULL_CONVERSION = YES;
				CLANG_WARN_OBJC_IMPLICIT_RETAIN_SELF = YES;
				CLANG_WARN_OBJC_LITERAL_CONVERSION = YES;
				CLANG_WARN_OBJC_ROOT_CLASS = YES_ERROR;
				CLANG_WARN_QUOTED_INCLUDE_IN_FRAMEWORK_HEADER = YES;
				CLANG_WARN_RANGE_LOOP_ANALYSIS = YES;
				CLANG_WARN_STRICT_PROTOTYPES = YES;
				CLANG_WARN_SUSPICIOUS_MOVE = YES;
				CLANG_WARN_UNGUARDED_AVAILABILITY = YES_AGGRESSIVE;
				CLANG_WARN_UNREACHABLE_CODE = YES;
				CLANG_WARN__DUPLICATE_METHOD_MATCH = YES;
				COPY_PHASE_STRIP = NO;
				DEBUG_INFORMATION_FORMAT = "dwarf-with-dsym";
				ENABLE_NS_ASSERTIONS = NO;
				ENABLE_STRICT_OBJC_MSGSEND = YES;
				GCC_C_LANGUAGE_STANDARD = gnu11;
				GCC_NO_COMMON_BLOCKS = YES;
				GCC_WARN_64_TO_32_BIT_CONVERSION = YES;
				GCC_WARN_ABOUT_RETURN_TYPE = YES_ERROR;
				GCC_WARN_UNDECLARED_SELECTOR = YES;
				GCC_WARN_UNINITIALIZED_AUTOS = YES_AGGRESSIVE;
				GCC_WARN_UNUSED_FUNCTION = YES;
				GCC_WARN_UNUSED_VARIABLE = YES;
				IPHONEOS_DEPLOYMENT_TARGET = 16.2;
				MTL_ENABLE_DEBUG_INFO = NO;
				MTL_FAST_MATH = YES;
				SDKROOT = iphoneos;
				SWIFT_COMPILATION_MODE = wholemodule;
				SWIFT_OPTIMIZATION_LEVEL = "-O";
				VALIDATE_PRODUCT = YES;
			};
			name = Release;
		};
		CE2BFB0F2AE042F00024FFCE /* Debug */ = {
			isa = XCBuildConfiguration;
			baseConfigurationReference = 3F7DCDBE72AB6E988AE4C48C /* Pods-NoteMeProject.debug.xcconfig */;
			buildSettings = {
				ASSETCATALOG_COMPILER_APPICON_NAME = AppIcon;
				ASSETCATALOG_COMPILER_GLOBAL_ACCENT_COLOR_NAME = AccentColor;
				CODE_SIGN_STYLE = Automatic;
				CURRENT_PROJECT_VERSION = 1;
				DEVELOPMENT_TEAM = 62X872V5SM;
				GENERATE_INFOPLIST_FILE = YES;
				INFOPLIST_FILE = NoteMeProject/Info.plist;
				INFOPLIST_KEY_UIApplicationSupportsIndirectInputEvents = YES;
				INFOPLIST_KEY_UILaunchStoryboardName = LaunchScreen;
				INFOPLIST_KEY_UIMainStoryboardFile = "";
				INFOPLIST_KEY_UIStatusBarStyle = UIStatusBarStyleLightContent;
				INFOPLIST_KEY_UISupportedInterfaceOrientations = UIInterfaceOrientationPortrait;
				LD_RUNPATH_SEARCH_PATHS = (
					"$(inherited)",
					"@executable_path/Frameworks",
				);
				MARKETING_VERSION = 1.0;
				PRODUCT_BUNDLE_IDENTIFIER = "-.NoteMeProject";
				PRODUCT_NAME = "$(TARGET_NAME)";
				SWIFT_EMIT_LOC_STRINGS = YES;
				SWIFT_VERSION = 5.0;
				TARGETED_DEVICE_FAMILY = "1,2";
			};
			name = Debug;
		};
		CE2BFB102AE042F00024FFCE /* Release */ = {
			isa = XCBuildConfiguration;
			baseConfigurationReference = 749FA97F1AA65CA09B0DDEA3 /* Pods-NoteMeProject.release.xcconfig */;
			buildSettings = {
				ASSETCATALOG_COMPILER_APPICON_NAME = AppIcon;
				ASSETCATALOG_COMPILER_GLOBAL_ACCENT_COLOR_NAME = AccentColor;
				CODE_SIGN_STYLE = Automatic;
				CURRENT_PROJECT_VERSION = 1;
				DEVELOPMENT_TEAM = 62X872V5SM;
				GENERATE_INFOPLIST_FILE = YES;
				INFOPLIST_FILE = NoteMeProject/Info.plist;
				INFOPLIST_KEY_UIApplicationSupportsIndirectInputEvents = YES;
				INFOPLIST_KEY_UILaunchStoryboardName = LaunchScreen;
				INFOPLIST_KEY_UIMainStoryboardFile = "";
				INFOPLIST_KEY_UIStatusBarStyle = UIStatusBarStyleLightContent;
				INFOPLIST_KEY_UISupportedInterfaceOrientations = UIInterfaceOrientationPortrait;
				LD_RUNPATH_SEARCH_PATHS = (
					"$(inherited)",
					"@executable_path/Frameworks",
				);
				MARKETING_VERSION = 1.0;
				PRODUCT_BUNDLE_IDENTIFIER = "-.NoteMeProject";
				PRODUCT_NAME = "$(TARGET_NAME)";
				SWIFT_EMIT_LOC_STRINGS = YES;
				SWIFT_VERSION = 5.0;
				TARGETED_DEVICE_FAMILY = "1,2";
			};
			name = Release;
		};
/* End XCBuildConfiguration section */

/* Begin XCConfigurationList section */
		CE2BFAF52AE042EE0024FFCE /* Build configuration list for PBXProject "NoteMeProject" */ = {
			isa = XCConfigurationList;
			buildConfigurations = (
				CE2BFB0C2AE042F00024FFCE /* Debug */,
				CE2BFB0D2AE042F00024FFCE /* Release */,
			);
			defaultConfigurationIsVisible = 0;
			defaultConfigurationName = Release;
		};
		CE2BFB0E2AE042F00024FFCE /* Build configuration list for PBXNativeTarget "NoteMeProject" */ = {
			isa = XCConfigurationList;
			buildConfigurations = (
				CE2BFB0F2AE042F00024FFCE /* Debug */,
				CE2BFB102AE042F00024FFCE /* Release */,
			);
			defaultConfigurationIsVisible = 0;
			defaultConfigurationName = Release;
		};
/* End XCConfigurationList section */
	};
	rootObject = CE2BFAF22AE042EE0024FFCE /* Project object */;
}
